
Microsoft Visual Studio Solution File, Format Version 12.00
# Visual Studio 15
VisualStudioVersion = 15.0.27130.2027
MinimumVisualStudioVersion = 10.0.40219.1
Project("{8BC9CEB8-8B4A-11D0-8D11-00A0C91BC942}") = "符合运算运算符", "符合运算运算符\符合运算运算符.vcxproj", "{144D52AD-EF0A-4403-8C5D-96774D468DAC}"
EndProject
Global
	GlobalSection(SolutionConfigurationPlatforms) = preSolution
		Debug|x64 = Debug|x64
		Debug|x86 = Debug|x86
		Release|x64 = Release|x64
		Release|x86 = Release|x86
	EndGlobalSection
	GlobalSection(ProjectConfigurationPlatforms) = postSolution
		{144D52AD-EF0A-4403-8C5D-96774D468DAC}.Debug|x64.ActiveCfg = Debug|x64
		{144D52AD-EF0A-4403-8C5D-96774D468DAC}.Debug|x64.Build.0 = Debug|x64
		{144D52AD-EF0A-4403-8C5D-96774D468DAC}.Debug|x86.ActiveCfg = Debug|Win32
		{144D52AD-EF0A-4403-8C5D-96774D468DAC}.Debug|x86.Build.0 = Debug|Win32
		{144D52AD-EF0A-4403-8C5D-96774D468DAC}.Release|x64.ActiveCfg = Release|x64
		{144D52AD-EF0A-4403-8C5D-96774D468DAC}.Release|x64.Build.0 = Release|x64
		{144D52AD-EF0A-4403-8C5D-96774D468DAC}.Release|x86.ActiveCfg = Release|Win32
		{144D52AD-EF0A-4403-8C5D-96774D468DAC}.Release|x86.Build.0 = Release|Win32
	EndGlobalSection
	GlobalSection(SolutionProperties) = preSolution
		HideSolutionNode = FALSE
	EndGlobalSection
	GlobalSection(ExtensibilityGlobals) = postSolution
		SolutionGuid = {B09BD704-345E-4593-A33E-65597047CAAC}
	EndGlobalSection
EndGlobal
